// !$*UTF8*$!
{
	archiveVersion = 1;
	classes = {
	};
	objectVersion = 46;
	objects = {

/* Begin PBXBuildFile section */
		116C68E11DFE7223009C66F6 /* main.m in Sources */ = {isa = PBXBuildFile; fileRef = 116C68E01DFE7223009C66F6 /* main.m */; };
		116C68E41DFE7223009C66F6 /* AppDelegate.m in Sources */ = {isa = PBXBuildFile; fileRef = 116C68E31DFE7223009C66F6 /* AppDelegate.m */; };
		116C68E71DFE7223009C66F6 /* ViewController.m in Sources */ = {isa = PBXBuildFile; fileRef = 116C68E61DFE7223009C66F6 /* ViewController.m */; };
		116C68EA1DFE7223009C66F6 /* Main.storyboard in Resources */ = {isa = PBXBuildFile; fileRef = 116C68E81DFE7223009C66F6 /* Main.storyboard */; };
		116C68EC1DFE7223009C66F6 /* Assets.xcassets in Resources */ = {isa = PBXBuildFile; fileRef = 116C68EB1DFE7223009C66F6 /* Assets.xcassets */; };
		116C68EF1DFE7223009C66F6 /* LaunchScreen.storyboard in Resources */ = {isa = PBXBuildFile; fileRef = 116C68ED1DFE7223009C66F6 /* LaunchScreen.storyboard */; };
		116C68FA1DFE7223009C66F6 /* TestCocoaPodTests.m in Sources */ = {isa = PBXBuildFile; fileRef = 116C68F91DFE7223009C66F6 /* TestCocoaPodTests.m */; };
		116C69051DFE7224009C66F6 /* TestCocoaPodUITests.m in Sources */ = {isa = PBXBuildFile; fileRef = 116C69041DFE7224009C66F6 /* TestCocoaPodUITests.m */; };
		116C69691DFEA6F8009C66F6 /* CacheTool.m in Sources */ = {isa = PBXBuildFile; fileRef = 116C69681DFEA6F8009C66F6 /* CacheTool.m */; };
/* End PBXBuildFile section */

/* Begin PBXContainerItemProxy section */
		116C68F61DFE7223009C66F6 /* PBXContainerItemProxy */ = {
			isa = PBXContainerItemProxy;
			containerPortal = 116C68D41DFE7223009C66F6 /* Project object */;
			proxyType = 1;
			remoteGlobalIDString = 116C68DB1DFE7223009C66F6;
			remoteInfo = TestCocoaPod;
		};
		116C69011DFE7224009C66F6 /* PBXContainerItemProxy */ = {
			isa = PBXContainerItemProxy;
			containerPortal = 116C68D41DFE7223009C66F6 /* Project object */;
			proxyType = 1;
			remoteGlobalIDString = 116C68DB1DFE7223009C66F6;
			remoteInfo = TestCocoaPod;
		};
/* End PBXContainerItemProxy section */

/* Begin PBXFileReference section */
		116C68DC1DFE7223009C66F6 /* TestCocoaPod.app */ = {isa = PBXFileReference; explicitFileType = wrapper.application; includeInIndex = 0; path = TestCocoaPod.app; sourceTree = BUILT_PRODUCTS_DIR; };
		116C68E01DFE7223009C66F6 /* main.m */ = {isa = PBXFileReference; lastKnownFileType = sourcecode.c.objc; path = main.m; sourceTree = "<group>"; };
		116C68E21DFE7223009C66F6 /* AppDelegate.h */ = {isa = PBXFileReference; lastKnownFileType = sourcecode.c.h; path = AppDelegate.h; sourceTree = "<group>"; };
		116C68E31DFE7223009C66F6 /* AppDelegate.m */ = {isa = PBXFileReference; lastKnownFileType = sourcecode.c.objc; path = AppDelegate.m; sourceTree = "<group>"; };
		116C68E51DFE7223009C66F6 /* ViewController.h */ = {isa = PBXFileReference; lastKnownFileType = sourcecode.c.h; path = ViewController.h; sourceTree = "<group>"; };
		116C68E61DFE7223009C66F6 /* ViewController.m */ = {isa = PBXFileReference; lastKnownFileType = sourcecode.c.objc; path = ViewController.m; sourceTree = "<group>"; };
		116C68E91DFE7223009C66F6 /* Base */ = {isa = PBXFileReference; lastKnownFileType = file.storyboard; name = Base; path = Base.lproj/Main.storyboard; sourceTree = "<group>"; };
		116C68EB1DFE7223009C66F6 /* Assets.xcassets */ = {isa = PBXFileReference; lastKnownFileType = folder.assetcatalog; path = Assets.xcassets; sourceTree = "<group>"; };
		116C68EE1DFE7223009C66F6 /* Base */ = {isa = PBXFileReference; lastKnownFileType = file.storyboard; name = Base; path = Base.lproj/LaunchScreen.storyboard; sourceTree = "<group>"; };
		116C68F01DFE7223009C66F6 /* Info.plist */ = {isa = PBXFileReference; lastKnownFileType = text.plist.xml; path = Info.plist; sourceTree = "<group>"; };
		116C68F51DFE7223009C66F6 /* TestCocoaPodTests.xctest */ = {isa = PBXFileReference; explicitFileType = wrapper.cfbundle; includeInIndex = 0; path = TestCocoaPodTests.xctest; sourceTree = BUILT_PRODUCTS_DIR; };
		116C68F91DFE7223009C66F6 /* TestCocoaPodTests.m */ = {isa = PBXFileReference; lastKnownFileType = sourcecode.c.objc; path = TestCocoaPodTests.m; sourceTree = "<group>"; };
		116C68FB1DFE7223009C66F6 /* Info.plist */ = {isa = PBXFileReference; lastKnownFileType = text.plist.xml; path = Info.plist; sourceTree = "<group>"; };
		116C69001DFE7224009C66F6 /* TestCocoaPodUITests.xctest */ = {isa = PBXFileReference; explicitFileType = wrapper.cfbundle; includeInIndex = 0; path = TestCocoaPodUITests.xctest; sourceTree = BUILT_PRODUCTS_DIR; };
		116C69041DFE7224009C66F6 /* TestCocoaPodUITests.m */ = {isa = PBXFileReference; lastKnownFileType = sourcecode.c.objc; path = TestCocoaPodUITests.m; sourceTree = "<group>"; };
		116C69061DFE7224009C66F6 /* Info.plist */ = {isa = PBXFileReference; lastKnownFileType = text.plist.xml; path = Info.plist; sourceTree = "<group>"; };
		116C69671DFEA6F8009C66F6 /* CacheTool.h */ = {isa = PBXFileReference; fileEncoding = 4; lastKnownFileType = sourcecode.c.h; path = CacheTool.h; sourceTree = "<group>"; };
		116C69681DFEA6F8009C66F6 /* CacheTool.m */ = {isa = PBXFileReference; fileEncoding = 4; lastKnownFileType = sourcecode.c.objc; path = CacheTool.m; sourceTree = "<group>"; };
/* End PBXFileReference section */

/* Begin PBXFrameworksBuildPhase section */
		116C68D91DFE7223009C66F6 /* Frameworks */ = {
			isa = PBXFrameworksBuildPhase;
			buildActionMask = 2147483647;
			files = (
			);
			runOnlyForDeploymentPostprocessing = 0;
		};
		116C68F21DFE7223009C66F6 /* Frameworks */ = {
			isa = PBXFrameworksBuildPhase;
			buildActionMask = 2147483647;
			files = (
			);
			runOnlyForDeploymentPostprocessing = 0;
		};
		116C68FD1DFE7224009C66F6 /* Frameworks */ = {
			isa = PBXFrameworksBuildPhase;
			buildActionMask = 2147483647;
			files = (
			);
			runOnlyForDeploymentPostprocessing = 0;
		};
/* End PBXFrameworksBuildPhase section */

/* Begin PBXGroup section */
		116C68D31DFE7223009C66F6 = {
			isa = PBXGroup;
			children = (
				116C68DE1DFE7223009C66F6 /* TestCocoaPod */,
				116C68F81DFE7223009C66F6 /* TestCocoaPodTests */,
				116C69031DFE7224009C66F6 /* TestCocoaPodUITests */,
				116C68DD1DFE7223009C66F6 /* Products */,
			);
			sourceTree = "<group>";
		};
		116C68DD1DFE7223009C66F6 /* Products */ = {
			isa = PBXGroup;
			children = (
				116C68DC1DFE7223009C66F6 /* TestCocoaPod.app */,
				116C68F51DFE7223009C66F6 /* TestCocoaPodTests.xctest */,
				116C69001DFE7224009C66F6 /* TestCocoaPodUITests.xctest */,
			);
			name = Products;
			sourceTree = "<group>";
		};
		116C68DE1DFE7223009C66F6 /* TestCocoaPod */ = {
			isa = PBXGroup;
			children = (
				116C69661DFEA6F8009C66F6 /* CacheTool */,
				116C68E21DFE7223009C66F6 /* AppDelegate.h */,
				116C68E31DFE7223009C66F6 /* AppDelegate.m */,
				116C68E51DFE7223009C66F6 /* ViewController.h */,
				116C68E61DFE7223009C66F6 /* ViewController.m */,
				116C68E81DFE7223009C66F6 /* Main.storyboard */,
				116C68EB1DFE7223009C66F6 /* Assets.xcassets */,
				116C68ED1DFE7223009C66F6 /* LaunchScreen.storyboard */,
				116C68F01DFE7223009C66F6 /* Info.plist */,
				116C68DF1DFE7223009C66F6 /* Supporting Files */,
			);
			path = TestCocoaPod;
			sourceTree = "<group>";
		};
		116C68DF1DFE7223009C66F6 /* Supporting Files */ = {
			isa = PBXGroup;
			children = (
				116C68E01DFE7223009C66F6 /* main.m */,
			);
			name = "Supporting Files";
			sourceTree = "<group>";
		};
		116C68F81DFE7223009C66F6 /* TestCocoaPodTests */ = {
			isa = PBXGroup;
			children = (
				116C68F91DFE7223009C66F6 /* TestCocoaPodTests.m */,
				116C68FB1DFE7223009C66F6 /* Info.plist */,
			);
			path = TestCocoaPodTests;
			sourceTree = "<group>";
		};
		116C69031DFE7224009C66F6 /* TestCocoaPodUITests */ = {
			isa = PBXGroup;
			children = (
				116C69041DFE7224009C66F6 /* TestCocoaPodUITests.m */,
				116C69061DFE7224009C66F6 /* Info.plist */,
			);
			path = TestCocoaPodUITests;
			sourceTree = "<group>";
		};
		116C69661DFEA6F8009C66F6 /* CacheTool */ = {
			isa = PBXGroup;
			children = (
				116C69671DFEA6F8009C66F6 /* CacheTool.h */,
				116C69681DFEA6F8009C66F6 /* CacheTool.m */,
			);
			path = CacheTool;
			sourceTree = "<group>";
		};
/* End PBXGroup section */

/* Begin PBXNativeTarget section */
		116C68DB1DFE7223009C66F6 /* TestCocoaPod */ = {
			isa = PBXNativeTarget;
			buildConfigurationList = 116C69091DFE7224009C66F6 /* Build configuration list for PBXNativeTarget "TestCocoaPod" */;
			buildPhases = (
				116C68D81DFE7223009C66F6 /* Sources */,
				116C68D91DFE7223009C66F6 /* Frameworks */,
				116C68DA1DFE7223009C66F6 /* Resources */,
			);
			buildRules = (
			);
			dependencies = (
			);
			name = TestCocoaPod;
			productName = TestCocoaPod;
			productReference = 116C68DC1DFE7223009C66F6 /* TestCocoaPod.app */;
			productType = "com.apple.product-type.application";
		};
		116C68F41DFE7223009C66F6 /* TestCocoaPodTests */ = {
			isa = PBXNativeTarget;
			buildConfigurationList = 116C690C1DFE7224009C66F6 /* Build configuration list for PBXNativeTarget "TestCocoaPodTests" */;
			buildPhases = (
				116C68F11DFE7223009C66F6 /* Sources */,
				116C68F21DFE7223009C66F6 /* Frameworks */,
				116C68F31DFE7223009C66F6 /* Resources */,
			);
			buildRules = (
			);
			dependencies = (
				116C68F71DFE7223009C66F6 /* PBXTargetDependency */,
			);
			name = TestCocoaPodTests;
			productName = TestCocoaPodTests;
			productReference = 116C68F51DFE7223009C66F6 /* TestCocoaPodTests.xctest */;
			productType = "com.apple.product-type.bundle.unit-test";
		};
		116C68FF1DFE7224009C66F6 /* TestCocoaPodUITests */ = {
			isa = PBXNativeTarget;
			buildConfigurationList = 116C690F1DFE7224009C66F6 /* Build configuration list for PBXNativeTarget "TestCocoaPodUITests" */;
			buildPhases = (
				116C68FC1DFE7224009C66F6 /* Sources */,
				116C68FD1DFE7224009C66F6 /* Frameworks */,
				116C68FE1DFE7224009C66F6 /* Resources */,
			);
			buildRules = (
			);
			dependencies = (
				116C69021DFE7224009C66F6 /* PBXTargetDependency */,
			);
			name = TestCocoaPodUITests;
			productName = TestCocoaPodUITests;
			productReference = 116C69001DFE7224009C66F6 /* TestCocoaPodUITests.xctest */;
			productType = "com.apple.product-type.bundle.ui-testing";
		};
/* End PBXNativeTarget section */

/* Begin PBXProject section */
		116C68D41DFE7223009C66F6 /* Project object */ = {
			isa = PBXProject;
			attributes = {
				LastUpgradeCheck = 0800;
				ORGANIZATIONNAME = YSAN;
				TargetAttributes = {
					116C68DB1DFE7223009C66F6 = {
						CreatedOnToolsVersion = 8.0;
						DevelopmentTeam = 5B4V552U82;
						ProvisioningStyle = Automatic;
					};
					116C68F41DFE7223009C66F6 = {
						CreatedOnToolsVersion = 8.0;
						DevelopmentTeam = 5B4V552U82;
						ProvisioningStyle = Automatic;
						TestTargetID = 116C68DB1DFE7223009C66F6;
					};
					116C68FF1DFE7224009C66F6 = {
						CreatedOnToolsVersion = 8.0;
						DevelopmentTeam = 5B4V552U82;
						ProvisioningStyle = Automatic;
						TestTargetID = 116C68DB1DFE7223009C66F6;
					};
				};
			};
			buildConfigurationList = 116C68D71DFE7223009C66F6 /* Build configuration list for PBXProject "TestCocoaPod" */;
			compatibilityVersion = "Xcode 3.2";
			developmentRegion = English;
			hasScannedForEncodings = 0;
			knownRegions = (
				en,
				Base,
			);
			mainGroup = 116C68D31DFE7223009C66F6;
			productRefGroup = 116C68DD1DFE7223009C66F6 /* Products */;
			projectDirPath = "";
			projectRoot = "";
			targets = (
				116C68DB1DFE7223009C66F6 /* TestCocoaPod */,
				116C68F41DFE7223009C66F6 /* TestCocoaPodTests */,
				116C68FF1DFE7224009C66F6 /* TestCocoaPodUITests */,
			);
		};
/* End PBXProject section */

/* Begin PBXResourcesBuildPhase section */
		116C68DA1DFE7223009C66F6 /* Resources */ = {
			isa = PBXResourcesBuildPhase;
			buildActionMask = 2147483647;
			files = (
				116C68EF1DFE7223009C66F6 /* LaunchScreen.storyboard in Resources */,
				116C68EC1DFE7223009C66F6 /* Assets.xcassets in Resources */,
				116C68EA1DFE7223009C66F6 /* Main.storyboard in Resources */,
			);
			runOnlyForDeploymentPostprocessing = 0;
		};
		116C68F31DFE7223009C66F6 /* Resources */ = {
			isa = PBXResourcesBuildPhase;
			buildActionMask = 2147483647;
			files = (
			);
			runOnlyForDeploymentPostprocessing = 0;
		};
		116C68FE1DFE7224009C66F6 /* Resources */ = {
			isa = PBXResourcesBuildPhase;
			buildActionMask = 2147483647;
			files = (
			);
			runOnlyForDeploymentPostprocessing = 0;
		};
/* End PBXResourcesBuildPhase section */

/* Begin PBXSourcesBuildPhase section */
		116C68D81DFE7223009C66F6 /* Sources */ = {
			isa = PBXSourcesBuildPhase;
			buildActionMask = 2147483647;
			files = (
				116C69691DFEA6F8009C66F6 /* CacheTool.m in Sources */,
				116C68E71DFE7223009C66F6 /* ViewController.m in Sources */,
				116C68E41DFE7223009C66F6 /* AppDelegate.m in Sources */,
				116C68E11DFE7223009C66F6 /* main.m in Sources */,
			);
			runOnlyForDeploymentPostprocessing = 0;
		};
		116C68F11DFE7223009C66F6 /* Sources */ = {
			isa = PBXSourcesBuildPhase;
			buildActionMask = 2147483647;
			files = (
				116C68FA1DFE7223009C66F6 /* TestCocoaPodTests.m in Sources */,
			);
			runOnlyForDeploymentPostprocessing = 0;
		};
		116C68FC1DFE7224009C66F6 /* Sources */ = {
			isa = PBXSourcesBuildPhase;
			buildActionMask = 2147483647;
			files = (
				116C69051DFE7224009C66F6 /* TestCocoaPodUITests.m in Sources */,
			);
			runOnlyForDeploymentPostprocessing = 0;
		};
/* End PBXSourcesBuildPhase section */

/* Begin PBXTargetDependency section */
		116C68F71DFE7223009C66F6 /* PBXTargetDependency */ = {
			isa = PBXTargetDependency;
			target = 116C68DB1DFE7223009C66F6 /* TestCocoaPod */;
			targetProxy = 116C68F61DFE7223009C66F6 /* PBXContainerItemProxy */;
		};
		116C69021DFE7224009C66F6 /* PBXTargetDependency */ = {
			isa = PBXTargetDependency;
			target = 116C68DB1DFE7223009C66F6 /* TestCocoaPod */;
			targetProxy = 116C69011DFE7224009C66F6 /* PBXContainerItemProxy */;
		};
/* End PBXTargetDependency section */

/* Begin PBXVariantGroup section */
		116C68E81DFE7223009C66F6 /* Main.storyboard */ = {
			isa = PBXVariantGroup;
			children = (
				116C68E91DFE7223009C66F6 /* Base */,
			);
			name = Main.storyboard;
			sourceTree = "<group>";
		};
		116C68ED1DFE7223009C66F6 /* LaunchScreen.storyboard */ = {
			isa = PBXVariantGroup;
			children = (
				116C68EE1DFE7223009C66F6 /* Base */,
			);
			name = LaunchScreen.storyboard;
			sourceTree = "<group>";
		};
/* End PBXVariantGroup section */

/* Begin XCBuildConfiguration section */
		116C69071DFE7224009C66F6 /* Debug */ = {
			isa = XCBuildConfiguration;
			buildSettings = {
				ALWAYS_SEARCH_USER_PATHS = NO;
				CLANG_ANALYZER_NONNULL = YES;
				CLANG_CXX_LANGUAGE_STANDARD = "gnu++0x";
				CLANG_CXX_LIBRARY = "libc++";
				CLANG_ENABLE_MODULES = YES;
				CLANG_ENABLE_OBJC_ARC = YES;
				CLANG_WARN_BOOL_CONVERSION = YES;
				CLANG_WARN_CONSTANT_CONVERSION = YES;
				CLANG_WARN_DIRECT_OBJC_ISA_USAGE = YES_ERROR;
				CLANG_WARN_DOCUMENTATION_COMMENTS = YES;
				CLANG_WARN_EMPTY_BODY = YES;
				CLANG_WARN_ENUM_CONVERSION = YES;
				CLANG_WARN_INFINITE_RECURSION = YES;
				CLANG_WARN_INT_CONVERSION = YES;
				CLANG_WARN_OBJC_ROOT_CLASS = YES_ERROR;
				CLANG_WARN_SUSPICIOUS_MOVES = YES;
				CLANG_WARN_UNREACHABLE_CODE = YES;
				CLANG_WARN__DUPLICATE_METHOD_MATCH = YES;
				"CODE_SIGN_IDENTITY[sdk=iphoneos*]" = "iPhone Developer";
				COPY_PHASE_STRIP = NO;
				DEBUG_INFORMATION_FORMAT = dwarf;
				ENABLE_STRICT_OBJC_MSGSEND = YES;
				ENABLE_TESTABILITY = YES;
				GCC_C_LANGUAGE_STANDARD = gnu99;
				GCC_DYNAMIC_NO_PIC = NO;
				GCC_NO_COMMON_BLOCKS = YES;
				GCC_OPTIMIZATION_LEVEL = 0;
				GCC_PREPROCESSOR_DEFINITIONS = (
					"DEBUG=1",
					"$(inherited)",
				);
				GCC_WARN_64_TO_32_BIT_CONVERSION = YES;
				GCC_WARN_ABOUT_RETURN_TYPE = YES_ERROR;
				GCC_WARN_UNDECLARED_SELECTOR = YES;
				GCC_WARN_UNINITIALIZED_AUTOS = YES_AGGRESSIVE;
				GCC_WARN_UNUSED_FUNCTION = YES;
				GCC_WARN_UNUSED_VARIABLE = YES;
				IPHONEOS_DEPLOYMENT_TARGET = 10.0;
				MTL_ENABLE_DEBUG_INFO = YES;
				ONLY_ACTIVE_ARCH = YES;
				SDKROOT = iphoneos;
			};
			name = Debug;
		};
		116C69081DFE7224009C66F6 /* Release */ = {
			isa = XCBuildConfiguration;
			buildSettings = {
				ALWAYS_SEARCH_USER_PATHS = NO;
				CLANG_ANALYZER_NONNULL = YES;
				CLANG_CXX_LANGUAGE_STANDARD = "gnu++0x";
				CLANG_CXX_LIBRARY = "libc++";
				CLANG_ENABLE_MODULES = YES;
				CLANG_ENABLE_OBJC_ARC = YES;
				CLANG_WARN_BOOL_CONVERSION = YES;
				CLANG_WARN_CONSTANT_CONVERSION = YES;
				CLANG_WARN_DIRECT_OBJC_ISA_USAGE = YES_ERROR;
				CLANG_WARN_DOCUMENTATION_COMMENTS = YES;
				CLANG_WARN_EMPTY_BODY = YES;
				CLANG_WARN_ENUM_CONVERSION = YES;
				CLANG_WARN_INFINITE_RECURSION = YES;
				CLANG_WARN_INT_CONVERSION = YES;
				CLANG_WARN_OBJC_ROOT_CLASS = YES_ERROR;
				CLANG_WARN_SUSPICIOUS_MOVES = YES;
				CLANG_WARN_UNREACHABLE_CODE = YES;
				CLANG_WARN__DUPLICATE_METHOD_MATCH = YES;
				"CODE_SIGN_IDENTITY[sdk=iphoneos*]" = "iPhone Developer";
				COPY_PHASE_STRIP = NO;
				DEBUG_INFORMATION_FORMAT = "dwarf-with-dsym";
				ENABLE_NS_ASSERTIONS = NO;
				ENABLE_STRICT_OBJC_MSGSEND = YES;
				GCC_C_LANGUAGE_STANDARD = gnu99;
				GCC_NO_COMMON_BLOCKS = YES;
				GCC_WARN_64_TO_32_BIT_CONVERSION = YES;
				GCC_WARN_ABOUT_RETURN_TYPE = YES_ERROR;
				GCC_WARN_UNDECLARED_SELECTOR = YES;
				GCC_WARN_UNINITIALIZED_AUTOS = YES_AGGRESSIVE;
				GCC_WARN_UNUSED_FUNCTION = YES;
				GCC_WARN_UNUSED_VARIABLE = YES;
				IPHONEOS_DEPLOYMENT_TARGET = 10.0;
				MTL_ENABLE_DEBUG_INFO = NO;
				SDKROOT = iphoneos;
				VALIDATE_PRODUCT = YES;
			};
			name = Release;
		};
		116C690A1DFE7224009C66F6 /* Debug */ = {
			isa = XCBuildConfiguration;
			buildSettings = {
				ASSETCATALOG_COMPILER_APPICON_NAME = AppIcon;
				DEVELOPMENT_TEAM = 5B4V552U82;
				INFOPLIST_FILE = TestCocoaPod/Info.plist;
				LD_RUNPATH_SEARCH_PATHS = "$(inherited) @executable_path/Frameworks";
				PRODUCT_BUNDLE_IDENTIFIER = yasn.com.TestCocoaPod;
				PRODUCT_NAME = "$(TARGET_NAME)";
			};
			name = Debug;
		};
		116C690B1DFE7224009C66F6 /* Release */ = {
			isa = XCBuildConfiguration;
			buildSettings = {
				ASSETCATALOG_COMPILER_APPICON_NAME = AppIcon;
				DEVELOPMENT_TEAM = 5B4V552U82;
				INFOPLIST_FILE = TestCocoaPod/Info.plist;
				LD_RUNPATH_SEARCH_PATHS = "$(inherited) @executable_path/Frameworks";
				PRODUCT_BUNDLE_IDENTIFIER = yasn.com.TestCocoaPod;
				PRODUCT_NAME = "$(TARGET_NAME)";
			};
			name = Release;
		};
		116C690D1DFE7224009C66F6 /* Debug */ = {
			isa = XCBuildConfiguration;
			buildSettings = {
				BUNDLE_LOADER = "$(TEST_HOST)";
				DEVELOPMENT_TEAM = 5B4V552U82;
				INFOPLIST_FILE = TestCocoaPodTests/Info.plist;
				LD_RUNPATH_SEARCH_PATHS = "$(inherited) @executable_path/Frameworks @loader_path/Frameworks";
				PRODUCT_BUNDLE_IDENTIFIER = yasn.com.TestCocoaPodTests;
				PRODUCT_NAME = "$(TARGET_NAME)";
				TEST_HOST = "$(BUILT_PRODUCTS_DIR)/TestCocoaPod.app/TestCocoaPod";
			};
			name = Debug;
		};
		116C690E1DFE7224009C66F6 /* Release */ = {
			isa = XCBuildConfiguration;
			buildSettings = {
				BUNDLE_LOADER = "$(TEST_HOST)";
				DEVELOPMENT_TEAM = 5B4V552U82;
				INFOPLIST_FILE = TestCocoaPodTests/Info.plist;
				LD_RUNPATH_SEARCH_PATHS = "$(inherited) @executable_path/Frameworks @loader_path/Frameworks";
				PRODUCT_BUNDLE_IDENTIFIER = yasn.com.TestCocoaPodTests;
				PRODUCT_NAME = "$(TARGET_NAME)";
				TEST_HOST = "$(BUILT_PRODUCTS_DIR)/TestCocoaPod.app/TestCocoaPod";
			};
			name = Release;
		};
		116C69101DFE7224009C66F6 /* Debug */ = {
			isa = XCBuildConfiguration;
			buildSettings = {
				DEVELOPMENT_TEAM = 5B4V552U82;
				INFOPLIST_FILE = TestCocoaPodUITests/Info.plist;
				LD_RUNPATH_SEARCH_PATHS = "$(inherited) @executable_path/Frameworks @loader_path/Frameworks";
				PRODUCT_BUNDLE_IDENTIFIER = yasn.com.TestCocoaPodUITests;
				PRODUCT_NAME = "$(TARGET_NAME)";
				TEST_TARGET_NAME = TestCocoaPod;
			};
			name = Debug;
		};
		116C69111DFE7224009C66F6 /* Release */ = {
			isa = XCBuildConfiguration;
			buildSettings = {
				DEVELOPMENT_TEAM = 5B4V552U82;
				INFOPLIST_FILE = TestCocoaPodUITests/Info.plist;
				LD_RUNPATH_SEARCH_PATHS = "$(inherited) @executable_path/Frameworks @loader_path/Frameworks";
				PRODUCT_BUNDLE_IDENTIFIER = yasn.com.TestCocoaPodUITests;
				PRODUCT_NAME = "$(TARGET_NAME)";
				TEST_TARGET_NAME = TestCocoaPod;
			};
			name = Release;
		};
/* End XCBuildConfiguration section */

/* Begin XCConfigurationList section */
		116C68D71DFE7223009C66F6 /* Build configuration list for PBXProject "TestCocoaPod" */ = {
			isa = XCConfigurationList;
			buildConfigurations = (
				116C69071DFE7224009C66F6 /* Debug */,
				116C69081DFE7224009C66F6 /* Release */,
			);
			defaultConfigurationIsVisible = 0;
			defaultConfigurationName = Release;
		};
		116C69091DFE7224009C66F6 /* Build configuration list for PBXNativeTarget "TestCocoaPod" */ = {
			isa = XCConfigurationList;
			buildConfigurations = (
				116C690A1DFE7224009C66F6 /* Debug */,
				116C690B1DFE7224009C66F6 /* Release */,
			);
			defaultConfigurationIsVisible = 0;
			defaultConfigurationName = Release;
		};
		116C690C1DFE7224009C66F6 /* Build configuration list for PBXNativeTarget "TestCocoaPodTests" */ = {
			isa = XCConfigurationList;
			buildConfigurations = (
				116C690D1DFE7224009C66F6 /* Debug */,
				116C690E1DFE7224009C66F6 /* Release */,
			);
			defaultConfigurationIsVisible = 0;
			defaultConfigurationName = Release;
		};
		116C690F1DFE7224009C66F6 /* Build configuration list for PBXNativeTarget "TestCocoaPodUITests" */ = {
			isa = XCConfigurationList;
			buildConfigurations = (
				116C69101DFE7224009C66F6 /* Debug */,
				116C69111DFE7224009C66F6 /* Release */,
			);
			defaultConfigurationIsVisible = 0;
			defaultConfigurationName = Release;
		};
/* End XCConfigurationList section */
	};
	rootObject = 116C68D41DFE7223009C66F6 /* Project object */;
}
